
Microsoft Visual Studio Solution File, Format Version 12.00
# Visual Studio Version 17
VisualStudioVersion = 17.5.002.0
MinimumVisualStudioVersion = 10.0.40219.1
Project("{9A19103F-16F7-4668-BE54-9A1E7A4F7556}") = "discordCSApp", "discordCSApp\discordCSApp.csproj", "{362A556E-6BED-43E7-92AE-2551EAF34061}"
EndProject
Global
	GlobalSection(SolutionConfigurationPlatforms) = preSolution
		Debug|Any CPU = Debug|Any CPU
		Release|Any CPU = Release|Any CPU
	EndGlobalSection
	GlobalSection(ProjectConfigurationPlatforms) = postSolution
		{362A556E-6BED-43E7-92AE-2551EAF34061}.Debug|Any CPU.ActiveCfg = Debug|Any CPU
		{362A556E-6BED-43E7-92AE-2551EAF34061}.Debug|Any CPU.Build.0 = Debug|Any CPU
		{362A556E-6BED-43E7-92AE-2551EAF34061}.Release|Any CPU.ActiveCfg = Release|Any CPU
		{362A556E-6BED-43E7-92AE-2551EAF34061}.Release|Any CPU.Build.0 = Release|Any CPU
	EndGlobalSection
	GlobalSection(SolutionProperties) = preSolution
		HideSolutionNode = FALSE
	EndGlobalSection
	GlobalSection(ExtensibilityGlobals) = postSolution
		SolutionGuid = {CC62CDB2-DE17-4858-ABCD-160E07B41FD9}
	EndGlobalSection
EndGlobal
